
Microsoft Visual Studio Solution File, Format Version 12.00
# Visual Studio 15
VisualStudioVersion = 15.0.28307.1525
MinimumVisualStudioVersion = 10.0.40219.1
Project("{FAE04EC0-301F-11D3-BF4B-00C04F79EFBC}") = "L4", "L4\L4.csproj", "{03743920-53DB-42EF-8DCD-A82E4EBC8556}"
EndProject
Project("{FAE04EC0-301F-11D3-BF4B-00C04F79EFBC}") = "OvenTests", "DeviceTests\OvenTests.csproj", "{927D0582-198A-49F9-BE9F-75E72393C473}"
EndProject
Global
	GlobalSection(SolutionConfigurationPlatforms) = preSolution
		Debug|Any CPU = Debug|Any CPU
		Release|Any CPU = Release|Any CPU
	EndGlobalSection
	GlobalSection(ProjectConfigurationPlatforms) = postSolution
		{03743920-53DB-42EF-8DCD-A82E4EBC8556}.Debug|Any CPU.ActiveCfg = Debug|Any CPU
		{03743920-53DB-42EF-8DCD-A82E4EBC8556}.Debug|Any CPU.Build.0 = Debug|Any CPU
		{03743920-53DB-42EF-8DCD-A82E4EBC8556}.Release|Any CPU.ActiveCfg = Release|Any CPU
		{03743920-53DB-42EF-8DCD-A82E4EBC8556}.Release|Any CPU.Build.0 = Release|Any CPU
		{927D0582-198A-49F9-BE9F-75E72393C473}.Debug|Any CPU.ActiveCfg = Debug|Any CPU
		{927D0582-198A-49F9-BE9F-75E72393C473}.Debug|Any CPU.Build.0 = Debug|Any CPU
		{927D0582-198A-49F9-BE9F-75E72393C473}.Release|Any CPU.ActiveCfg = Release|Any CPU
		{927D0582-198A-49F9-BE9F-75E72393C473}.Release|Any CPU.Build.0 = Release|Any CPU
	EndGlobalSection
	GlobalSection(SolutionProperties) = preSolution
		HideSolutionNode = FALSE
	EndGlobalSection
	GlobalSection(ExtensibilityGlobals) = postSolution
		SolutionGuid = {7DE91331-B61E-4688-86D4-6F94D71EC6DA}
	EndGlobalSection
EndGlobal
